
Microsoft Visual Studio Solution File, Format Version 12.00
# Visual Studio 14
VisualStudioVersion = 14.0.25420.1
MinimumVisualStudioVersion = 10.0.40219.1
Project("{FAE04EC0-301F-11D3-BF4B-00C04F79EFBC}") = "Loteria", "Loteria\Loteria.csproj", "{FD50AD08-837F-405F-AD9A-F7A53C77E9C3}"
EndProject
Project("{FAE04EC0-301F-11D3-BF4B-00C04F79EFBC}") = "LoteriaTest", "LoteriaTest\LoteriaTest.csproj", "{22AA62B7-F413-452A-B611-CC8229019CE2}"
EndProject
Global
	GlobalSection(SolutionConfigurationPlatforms) = preSolution
		Debug|Any CPU = Debug|Any CPU
		Release|Any CPU = Release|Any CPU
	EndGlobalSection
	GlobalSection(ProjectConfigurationPlatforms) = postSolution
		{FD50AD08-837F-405F-AD9A-F7A53C77E9C3}.Debug|Any CPU.ActiveCfg = Debug|Any CPU
		{FD50AD08-837F-405F-AD9A-F7A53C77E9C3}.Debug|Any CPU.Build.0 = Debug|Any CPU
		{FD50AD08-837F-405F-AD9A-F7A53C77E9C3}.Release|Any CPU.ActiveCfg = Release|Any CPU
		{FD50AD08-837F-405F-AD9A-F7A53C77E9C3}.Release|Any CPU.Build.0 = Release|Any CPU
		{22AA62B7-F413-452A-B611-CC8229019CE2}.Debug|Any CPU.ActiveCfg = Debug|Any CPU
		{22AA62B7-F413-452A-B611-CC8229019CE2}.Debug|Any CPU.Build.0 = Debug|Any CPU
		{22AA62B7-F413-452A-B611-CC8229019CE2}.Release|Any CPU.ActiveCfg = Release|Any CPU
		{22AA62B7-F413-452A-B611-CC8229019CE2}.Release|Any CPU.Build.0 = Release|Any CPU
	EndGlobalSection
	GlobalSection(SolutionProperties) = preSolution
		HideSolutionNode = FALSE
	EndGlobalSection
EndGlobal
